
Microsoft Visual Studio Solution File, Format Version 12.00
# Visual Studio 15
VisualStudioVersion = 15.0.26430.12
MinimumVisualStudioVersion = 10.0.40219.1
Project("{FAE04EC0-301F-11D3-BF4B-00C04F79EFBC}") = "JavaScriptSPA", "JavaScriptSPA\JavaScriptSPA.csproj", "{13E1FA94-4DCC-453D-8687-AB8364879A83}"
EndProject
Global
	GlobalSection(SolutionConfigurationPlatforms) = preSolution
		Debug|Any CPU = Debug|Any CPU
		Release|Any CPU = Release|Any CPU
	EndGlobalSection
	GlobalSection(ProjectConfigurationPlatforms) = postSolution
		{13E1FA94-4DCC-453D-8687-AB8364879A83}.Debug|Any CPU.ActiveCfg = Debug|Any CPU
		{13E1FA94-4DCC-453D-8687-AB8364879A83}.Debug|Any CPU.Build.0 = Debug|Any CPU
		{13E1FA94-4DCC-453D-8687-AB8364879A83}.Release|Any CPU.ActiveCfg = Release|Any CPU
		{13E1FA94-4DCC-453D-8687-AB8364879A83}.Release|Any CPU.Build.0 = Release|Any CPU
	EndGlobalSection
	GlobalSection(SolutionProperties) = preSolution
		HideSolutionNode = FALSE
	EndGlobalSection
EndGlobal
